// !$*UTF8*$!
{
	archiveVersion = 1;
	classes = {
	};
	objectVersion = 46;
	objects = {

/* Begin PBXBuildFile section */
		D83E877C1B555C9B00580978 /* AppDelegate.swift in Sources */ = {isa = PBXBuildFile; fileRef = D83E877B1B555C9B00580978 /* AppDelegate.swift */; };
		D83E877F1B555C9B00580978 /* Nine_Worlds.xcdatamodeld in Sources */ = {isa = PBXBuildFile; fileRef = D83E877D1B555C9B00580978 /* Nine_Worlds.xcdatamodeld */; };
		D83E87811B555C9B00580978 /* MasterViewController.swift in Sources */ = {isa = PBXBuildFile; fileRef = D83E87801B555C9B00580978 /* MasterViewController.swift */; };
		D83E87831B555C9B00580978 /* DetailViewController.swift in Sources */ = {isa = PBXBuildFile; fileRef = D83E87821B555C9B00580978 /* DetailViewController.swift */; };
		D83E87861B555C9B00580978 /* Main.storyboard in Resources */ = {isa = PBXBuildFile; fileRef = D83E87841B555C9B00580978 /* Main.storyboard */; };
		D83E87881B555C9B00580978 /* Images.xcassets in Resources */ = {isa = PBXBuildFile; fileRef = D83E87871B555C9B00580978 /* Images.xcassets */; };
		D83E878B1B555C9B00580978 /* LaunchScreen.xib in Resources */ = {isa = PBXBuildFile; fileRef = D83E87891B555C9B00580978 /* LaunchScreen.xib */; };
		D83E87971B555C9B00580978 /* Nine_WorldsTests.swift in Sources */ = {isa = PBXBuildFile; fileRef = D83E87961B555C9B00580978 /* Nine_WorldsTests.swift */; };
/* End PBXBuildFile section */

/* Begin PBXContainerItemProxy section */
		D83E87911B555C9B00580978 /* PBXContainerItemProxy */ = {
			isa = PBXContainerItemProxy;
			containerPortal = D83E876E1B555C9B00580978 /* Project object */;
			proxyType = 1;
			remoteGlobalIDString = D83E87751B555C9B00580978;
			remoteInfo = "Nine Worlds";
		};
/* End PBXContainerItemProxy section */

/* Begin PBXFileReference section */
		D83E87761B555C9B00580978 /* Nine Worlds.app */ = {isa = PBXFileReference; explicitFileType = wrapper.application; includeInIndex = 0; path = "Nine Worlds.app"; sourceTree = BUILT_PRODUCTS_DIR; };
		D83E877A1B555C9B00580978 /* Info.plist */ = {isa = PBXFileReference; lastKnownFileType = text.plist.xml; path = Info.plist; sourceTree = "<group>"; };
		D83E877B1B555C9B00580978 /* AppDelegate.swift */ = {isa = PBXFileReference; lastKnownFileType = sourcecode.swift; path = AppDelegate.swift; sourceTree = "<group>"; };
		D83E877E1B555C9B00580978 /* Nine_Worlds.xcdatamodel */ = {isa = PBXFileReference; lastKnownFileType = wrapper.xcdatamodel; path = Nine_Worlds.xcdatamodel; sourceTree = "<group>"; };
		D83E87801B555C9B00580978 /* MasterViewController.swift */ = {isa = PBXFileReference; lastKnownFileType = sourcecode.swift; path = MasterViewController.swift; sourceTree = "<group>"; };
		D83E87821B555C9B00580978 /* DetailViewController.swift */ = {isa = PBXFileReference; lastKnownFileType = sourcecode.swift; path = DetailViewController.swift; sourceTree = "<group>"; };
		D83E87851B555C9B00580978 /* Base */ = {isa = PBXFileReference; lastKnownFileType = file.storyboard; name = Base; path = Base.lproj/Main.storyboard; sourceTree = "<group>"; };
		D83E87871B555C9B00580978 /* Images.xcassets */ = {isa = PBXFileReference; lastKnownFileType = folder.assetcatalog; path = Images.xcassets; sourceTree = "<group>"; };
		D83E878A1B555C9B00580978 /* Base */ = {isa = PBXFileReference; lastKnownFileType = file.xib; name = Base; path = Base.lproj/LaunchScreen.xib; sourceTree = "<group>"; };
		D83E87901B555C9B00580978 /* Nine WorldsTests.xctest */ = {isa = PBXFileReference; explicitFileType = wrapper.cfbundle; includeInIndex = 0; path = "Nine WorldsTests.xctest"; sourceTree = BUILT_PRODUCTS_DIR; };
		D83E87951B555C9B00580978 /* Info.plist */ = {isa = PBXFileReference; lastKnownFileType = text.plist.xml; path = Info.plist; sourceTree = "<group>"; };
		D83E87961B555C9B00580978 /* Nine_WorldsTests.swift */ = {isa = PBXFileReference; lastKnownFileType = sourcecode.swift; path = Nine_WorldsTests.swift; sourceTree = "<group>"; };
/* End PBXFileReference section */

/* Begin PBXFrameworksBuildPhase section */
		D83E87731B555C9B00580978 /* Frameworks */ = {
			isa = PBXFrameworksBuildPhase;
			buildActionMask = 2147483647;
			files = (
			);
			runOnlyForDeploymentPostprocessing = 0;
		};
		D83E878D1B555C9B00580978 /* Frameworks */ = {
			isa = PBXFrameworksBuildPhase;
			buildActionMask = 2147483647;
			files = (
			);
			runOnlyForDeploymentPostprocessing = 0;
		};
/* End PBXFrameworksBuildPhase section */

/* Begin PBXGroup section */
		D83E876D1B555C9B00580978 = {
			isa = PBXGroup;
			children = (
				D83E87781B555C9B00580978 /* Nine Worlds */,
				D83E87931B555C9B00580978 /* Nine WorldsTests */,
				D83E87771B555C9B00580978 /* Products */,
			);
			sourceTree = "<group>";
		};
		D83E87771B555C9B00580978 /* Products */ = {
			isa = PBXGroup;
			children = (
				D83E87761B555C9B00580978 /* Nine Worlds.app */,
				D83E87901B555C9B00580978 /* Nine WorldsTests.xctest */,
			);
			name = Products;
			sourceTree = "<group>";
		};
		D83E87781B555C9B00580978 /* Nine Worlds */ = {
			isa = PBXGroup;
			children = (
				D83E877B1B555C9B00580978 /* AppDelegate.swift */,
				D83E87801B555C9B00580978 /* MasterViewController.swift */,
				D83E87821B555C9B00580978 /* DetailViewController.swift */,
				D83E87841B555C9B00580978 /* Main.storyboard */,
				D83E87871B555C9B00580978 /* Images.xcassets */,
				D83E87891B555C9B00580978 /* LaunchScreen.xib */,
				D83E877D1B555C9B00580978 /* Nine_Worlds.xcdatamodeld */,
				D83E87791B555C9B00580978 /* Supporting Files */,
			);
			path = "Nine Worlds";
			sourceTree = "<group>";
		};
		D83E87791B555C9B00580978 /* Supporting Files */ = {
			isa = PBXGroup;
			children = (
				D83E877A1B555C9B00580978 /* Info.plist */,
			);
			name = "Supporting Files";
			sourceTree = "<group>";
		};
		D83E87931B555C9B00580978 /* Nine WorldsTests */ = {
			isa = PBXGroup;
			children = (
				D83E87961B555C9B00580978 /* Nine_WorldsTests.swift */,
				D83E87941B555C9B00580978 /* Supporting Files */,
			);
			path = "Nine WorldsTests";
			sourceTree = "<group>";
		};
		D83E87941B555C9B00580978 /* Supporting Files */ = {
			isa = PBXGroup;
			children = (
				D83E87951B555C9B00580978 /* Info.plist */,
			);
			name = "Supporting Files";
			sourceTree = "<group>";
		};
/* End PBXGroup section */

/* Begin PBXNativeTarget section */
		D83E87751B555C9B00580978 /* Nine Worlds */ = {
			isa = PBXNativeTarget;
			buildConfigurationList = D83E879A1B555C9B00580978 /* Build configuration list for PBXNativeTarget "Nine Worlds" */;
			buildPhases = (
				D83E87721B555C9B00580978 /* Sources */,
				D83E87731B555C9B00580978 /* Frameworks */,
				D83E87741B555C9B00580978 /* Resources */,
			);
			buildRules = (
			);
			dependencies = (
			);
			name = "Nine Worlds";
			productName = "Nine Worlds";
			productReference = D83E87761B555C9B00580978 /* Nine Worlds.app */;
			productType = "com.apple.product-type.application";
		};
		D83E878F1B555C9B00580978 /* Nine WorldsTests */ = {
			isa = PBXNativeTarget;
			buildConfigurationList = D83E879D1B555C9B00580978 /* Build configuration list for PBXNativeTarget "Nine WorldsTests" */;
			buildPhases = (
				D83E878C1B555C9B00580978 /* Sources */,
				D83E878D1B555C9B00580978 /* Frameworks */,
				D83E878E1B555C9B00580978 /* Resources */,
			);
			buildRules = (
			);
			dependencies = (
				D83E87921B555C9B00580978 /* PBXTargetDependency */,
			);
			name = "Nine WorldsTests";
			productName = "Nine WorldsTests";
			productReference = D83E87901B555C9B00580978 /* Nine WorldsTests.xctest */;
			productType = "com.apple.product-type.bundle.unit-test";
		};
/* End PBXNativeTarget section */

/* Begin PBXProject section */
		D83E876E1B555C9B00580978 /* Project object */ = {
			isa = PBXProject;
			attributes = {
				LastUpgradeCheck = 0640;
				ORGANIZATIONNAME = "Nathan Wong";
				TargetAttributes = {
					D83E87751B555C9B00580978 = {
						CreatedOnToolsVersion = 6.4;
					};
					D83E878F1B555C9B00580978 = {
						CreatedOnToolsVersion = 6.4;
						TestTargetID = D83E87751B555C9B00580978;
					};
				};
			};
			buildConfigurationList = D83E87711B555C9B00580978 /* Build configuration list for PBXProject "Nine Worlds" */;
			compatibilityVersion = "Xcode 3.2";
			developmentRegion = English;
			hasScannedForEncodings = 0;
			knownRegions = (
				en,
				Base,
			);
			mainGroup = D83E876D1B555C9B00580978;
			productRefGroup = D83E87771B555C9B00580978 /* Products */;
			projectDirPath = "";
			projectRoot = "";
			targets = (
				D83E87751B555C9B00580978 /* Nine Worlds */,
				D83E878F1B555C9B00580978 /* Nine WorldsTests */,
			);
		};
/* End PBXProject section */

/* Begin PBXResourcesBuildPhase section */
		D83E87741B555C9B00580978 /* Resources */ = {
			isa = PBXResourcesBuildPhase;
			buildActionMask = 2147483647;
			files = (
				D83E87861B555C9B00580978 /* Main.storyboard in Resources */,
				D83E878B1B555C9B00580978 /* LaunchScreen.xib in Resources */,
				D83E87881B555C9B00580978 /* Images.xcassets in Resources */,
			);
			runOnlyForDeploymentPostprocessing = 0;
		};
		D83E878E1B555C9B00580978 /* Resources */ = {
			isa = PBXResourcesBuildPhase;
			buildActionMask = 2147483647;
			files = (
			);
			runOnlyForDeploymentPostprocessing = 0;
		};
/* End PBXResourcesBuildPhase section */

/* Begin PBXSourcesBuildPhase section */
		D83E87721B555C9B00580978 /* Sources */ = {
			isa = PBXSourcesBuildPhase;
			buildActionMask = 2147483647;
			files = (
				D83E877F1B555C9B00580978 /* Nine_Worlds.xcdatamodeld in Sources */,
				D83E877C1B555C9B00580978 /* AppDelegate.swift in Sources */,
				D83E87811B555C9B00580978 /* MasterViewController.swift in Sources */,
				D83E87831B555C9B00580978 /* DetailViewController.swift in Sources */,
			);
			runOnlyForDeploymentPostprocessing = 0;
		};
		D83E878C1B555C9B00580978 /* Sources */ = {
			isa = PBXSourcesBuildPhase;
			buildActionMask = 2147483647;
			files = (
				D83E87971B555C9B00580978 /* Nine_WorldsTests.swift in Sources */,
			);
			runOnlyForDeploymentPostprocessing = 0;
		};
/* End PBXSourcesBuildPhase section */

/* Begin PBXTargetDependency section */
		D83E87921B555C9B00580978 /* PBXTargetDependency */ = {
			isa = PBXTargetDependency;
			target = D83E87751B555C9B00580978 /* Nine Worlds */;
			targetProxy = D83E87911B555C9B00580978 /* PBXContainerItemProxy */;
		};
/* End PBXTargetDependency section */

/* Begin PBXVariantGroup section */
		D83E87841B555C9B00580978 /* Main.storyboard */ = {
			isa = PBXVariantGroup;
			children = (
				D83E87851B555C9B00580978 /* Base */,
			);
			name = Main.storyboard;
			sourceTree = "<group>";
		};
		D83E87891B555C9B00580978 /* LaunchScreen.xib */ = {
			isa = PBXVariantGroup;
			children = (
				D83E878A1B555C9B00580978 /* Base */,
			);
			name = LaunchScreen.xib;
			sourceTree = "<group>";
		};
/* End PBXVariantGroup section */

/* Begin XCBuildConfiguration section */
		D83E87981B555C9B00580978 /* Debug */ = {
			isa = XCBuildConfiguration;
			buildSettings = {
				ALWAYS_SEARCH_USER_PATHS = NO;
				CLANG_CXX_LANGUAGE_STANDARD = "gnu++0x";
				CLANG_CXX_LIBRARY = "libc++";
				CLANG_ENABLE_MODULES = YES;
				CLANG_ENABLE_OBJC_ARC = YES;
				CLANG_WARN_BOOL_CONVERSION = YES;
				CLANG_WARN_CONSTANT_CONVERSION = YES;
				CLANG_WARN_DIRECT_OBJC_ISA_USAGE = YES_ERROR;
				CLANG_WARN_EMPTY_BODY = YES;
				CLANG_WARN_ENUM_CONVERSION = YES;
				CLANG_WARN_INT_CONVERSION = YES;
				CLANG_WARN_OBJC_ROOT_CLASS = YES_ERROR;
				CLANG_WARN_UNREACHABLE_CODE = YES;
				CLANG_WARN__DUPLICATE_METHOD_MATCH = YES;
				"CODE_SIGN_IDENTITY[sdk=iphoneos*]" = "iPhone Developer";
				COPY_PHASE_STRIP = NO;
				DEBUG_INFORMATION_FORMAT = "dwarf-with-dsym";
				ENABLE_STRICT_OBJC_MSGSEND = YES;
				GCC_C_LANGUAGE_STANDARD = gnu99;
				GCC_DYNAMIC_NO_PIC = NO;
				GCC_NO_COMMON_BLOCKS = YES;
				GCC_OPTIMIZATION_LEVEL = 0;
				GCC_PREPROCESSOR_DEFINITIONS = (
					"DEBUG=1",
					"$(inherited)",
				);
				GCC_SYMBOLS_PRIVATE_EXTERN = NO;
				GCC_WARN_64_TO_32_BIT_CONVERSION = YES;
				GCC_WARN_ABOUT_RETURN_TYPE = YES_ERROR;
				GCC_WARN_UNDECLARED_SELECTOR = YES;
				GCC_WARN_UNINITIALIZED_AUTOS = YES_AGGRESSIVE;
				GCC_WARN_UNUSED_FUNCTION = YES;
				GCC_WARN_UNUSED_VARIABLE = YES;
				IPHONEOS_DEPLOYMENT_TARGET = 8.4;
				MTL_ENABLE_DEBUG_INFO = YES;
				ONLY_ACTIVE_ARCH = YES;
				SDKROOT = iphoneos;
				SWIFT_OPTIMIZATION_LEVEL = "-Onone";
				TARGETED_DEVICE_FAMILY = "1,2";
			};
			name = Debug;
		};
		D83E87991B555C9B00580978 /* Release */ = {
			isa = XCBuildConfiguration;
			buildSettings = {
				ALWAYS_SEARCH_USER_PATHS = NO;
				CLANG_CXX_LANGUAGE_STANDARD = "gnu++0x";
				CLANG_CXX_LIBRARY = "libc++";
				CLANG_ENABLE_MODULES = YES;
				CLANG_ENABLE_OBJC_ARC = YES;
				CLANG_WARN_BOOL_CONVERSION = YES;
				CLANG_WARN_CONSTANT_CONVERSION = YES;
				CLANG_WARN_DIRECT_OBJC_ISA_USAGE = YES_ERROR;
				CLANG_WARN_EMPTY_BODY = YES;
				CLANG_WARN_ENUM_CONVERSION = YES;
				CLANG_WARN_INT_CONVERSION = YES;
				CLANG_WARN_OBJC_ROOT_CLASS = YES_ERROR;
				CLANG_WARN_UNREACHABLE_CODE = YES;
				CLANG_WARN__DUPLICATE_METHOD_MATCH = YES;
				"CODE_SIGN_IDENTITY[sdk=iphoneos*]" = "iPhone Developer";
				COPY_PHASE_STRIP = NO;
				DEBUG_INFORMATION_FORMAT = "dwarf-with-dsym";
				ENABLE_NS_ASSERTIONS = NO;
				ENABLE_STRICT_OBJC_MSGSEND = YES;
				GCC_C_LANGUAGE_STANDARD = gnu99;
				GCC_NO_COMMON_BLOCKS = YES;
				GCC_WARN_64_TO_32_BIT_CONVERSION = YES;
				GCC_WARN_ABOUT_RETURN_TYPE = YES_ERROR;
				GCC_WARN_UNDECLARED_SELECTOR = YES;
				GCC_WARN_UNINITIALIZED_AUTOS = YES_AGGRESSIVE;
				GCC_WARN_UNUSED_FUNCTION = YES;
				GCC_WARN_UNUSED_VARIABLE = YES;
				IPHONEOS_DEPLOYMENT_TARGET = 8.4;
				MTL_ENABLE_DEBUG_INFO = NO;
				SDKROOT = iphoneos;
				TARGETED_DEVICE_FAMILY = "1,2";
				VALIDATE_PRODUCT = YES;
			};
			name = Release;
		};
		D83E879B1B555C9B00580978 /* Debug */ = {
			isa = XCBuildConfiguration;
			buildSettings = {
				ASSETCATALOG_COMPILER_APPICON_NAME = AppIcon;
				INFOPLIST_FILE = "Nine Worlds/Info.plist";
				LD_RUNPATH_SEARCH_PATHS = "$(inherited) @executable_path/Frameworks";
				PRODUCT_NAME = "$(TARGET_NAME)";
			};
			name = Debug;
		};
		D83E879C1B555C9B00580978 /* Release */ = {
			isa = XCBuildConfiguration;
			buildSettings = {
				ASSETCATALOG_COMPILER_APPICON_NAME = AppIcon;
				INFOPLIST_FILE = "Nine Worlds/Info.plist";
				LD_RUNPATH_SEARCH_PATHS = "$(inherited) @executable_path/Frameworks";
				PRODUCT_NAME = "$(TARGET_NAME)";
			};
			name = Release;
		};
		D83E879E1B555C9B00580978 /* Debug */ = {
			isa = XCBuildConfiguration;
			buildSettings = {
				BUNDLE_LOADER = "$(TEST_HOST)";
				FRAMEWORK_SEARCH_PATHS = (
					"$(SDKROOT)/Developer/Library/Frameworks",
					"$(inherited)",
				);
				GCC_PREPROCESSOR_DEFINITIONS = (
					"DEBUG=1",
					"$(inherited)",
				);
				INFOPLIST_FILE = "Nine WorldsTests/Info.plist";
				LD_RUNPATH_SEARCH_PATHS = "$(inherited) @executable_path/Frameworks @loader_path/Frameworks";
				PRODUCT_NAME = "$(TARGET_NAME)";
				TEST_HOST = "$(BUILT_PRODUCTS_DIR)/Nine Worlds.app/Nine Worlds";
			};
			name = Debug;
		};
		D83E879F1B555C9B00580978 /* Release */ = {
			isa = XCBuildConfiguration;
			buildSettings = {
				BUNDLE_LOADER = "$(TEST_HOST)";
				FRAMEWORK_SEARCH_PATHS = (
					"$(SDKROOT)/Developer/Library/Frameworks",
					"$(inherited)",
				);
				INFOPLIST_FILE = "Nine WorldsTests/Info.plist";
				LD_RUNPATH_SEARCH_PATHS = "$(inherited) @executable_path/Frameworks @loader_path/Frameworks";
				PRODUCT_NAME = "$(TARGET_NAME)";
				TEST_HOST = "$(BUILT_PRODUCTS_DIR)/Nine Worlds.app/Nine Worlds";
			};
			name = Release;
		};
/* End XCBuildConfiguration section */

/* Begin XCConfigurationList section */
		D83E87711B555C9B00580978 /* Build configuration list for PBXProject "Nine Worlds" */ = {
			isa = XCConfigurationList;
			buildConfigurations = (
				D83E87981B555C9B00580978 /* Debug */,
				D83E87991B555C9B00580978 /* Release */,
			);
			defaultConfigurationIsVisible = 0;
			defaultConfigurationName = Release;
		};
		D83E879A1B555C9B00580978 /* Build configuration list for PBXNativeTarget "Nine Worlds" */ = {
			isa = XCConfigurationList;
			buildConfigurations = (
				D83E879B1B555C9B00580978 /* Debug */,
				D83E879C1B555C9B00580978 /* Release */,
			);
			defaultConfigurationIsVisible = 0;
		};
		D83E879D1B555C9B00580978 /* Build configuration list for PBXNativeTarget "Nine WorldsTests" */ = {
			isa = XCConfigurationList;
			buildConfigurations = (
				D83E879E1B555C9B00580978 /* Debug */,
				D83E879F1B555C9B00580978 /* Release */,
			);
			defaultConfigurationIsVisible = 0;
		};
/* End XCConfigurationList section */

/* Begin XCVersionGroup section */
		D83E877D1B555C9B00580978 /* Nine_Worlds.xcdatamodeld */ = {
			isa = XCVersionGroup;
			children = (
				D83E877E1B555C9B00580978 /* Nine_Worlds.xcdatamodel */,
			);
			currentVersion = D83E877E1B555C9B00580978 /* Nine_Worlds.xcdatamodel */;
			path = Nine_Worlds.xcdatamodeld;
			sourceTree = "<group>";
			versionGroupType = wrapper.xcdatamodel;
		};
/* End XCVersionGroup section */
	};
	rootObject = D83E876E1B555C9B00580978 /* Project object */;
}
