// !$*UTF8*$!
{
	archiveVersion = 1;
	classes = {
	};
	objectVersion = 46;
	objects = {

/* Begin PBXBuildFile section */
		78094430249113FA9C7268CB /* Pods.framework in Frameworks */ = {isa = PBXBuildFile; fileRef = 16447B5788BDE68E53B232A6 /* Pods.framework */; settings = {ATTRIBUTES = (Weak, ); }; };
		D806B2EC1B6FE30A000529AA /* ProgramDetailsCell.swift in Sources */ = {isa = PBXBuildFile; fileRef = D806B2EB1B6FE30A000529AA /* ProgramDetailsCell.swift */; };
		D806B2EE1B6FEAF3000529AA /* ProgramHeader.swift in Sources */ = {isa = PBXBuildFile; fileRef = D806B2ED1B6FEAF3000529AA /* ProgramHeader.swift */; };
		D83E877C1B555C9B00580978 /* AppDelegate.swift in Sources */ = {isa = PBXBuildFile; fileRef = D83E877B1B555C9B00580978 /* AppDelegate.swift */; };
		D83E877F1B555C9B00580978 /* Nine_Worlds.xcdatamodeld in Sources */ = {isa = PBXBuildFile; fileRef = D83E877D1B555C9B00580978 /* Nine_Worlds.xcdatamodeld */; };
		D83E87811B555C9B00580978 /* MasterViewController.swift in Sources */ = {isa = PBXBuildFile; fileRef = D83E87801B555C9B00580978 /* MasterViewController.swift */; };
		D83E87831B555C9B00580978 /* DetailViewController.swift in Sources */ = {isa = PBXBuildFile; fileRef = D83E87821B555C9B00580978 /* DetailViewController.swift */; };
		D83E87861B555C9B00580978 /* Main.storyboard in Resources */ = {isa = PBXBuildFile; fileRef = D83E87841B555C9B00580978 /* Main.storyboard */; };
		D83E87881B555C9B00580978 /* Images.xcassets in Resources */ = {isa = PBXBuildFile; fileRef = D83E87871B555C9B00580978 /* Images.xcassets */; };
		D83E878B1B555C9B00580978 /* LaunchScreen.xib in Resources */ = {isa = PBXBuildFile; fileRef = D83E87891B555C9B00580978 /* LaunchScreen.xib */; };
		D83E87971B555C9B00580978 /* Nine_WorldsTests.swift in Sources */ = {isa = PBXBuildFile; fileRef = D83E87961B555C9B00580978 /* Nine_WorldsTests.swift */; };
		D83E87A41B555F3000580978 /* Networking.swift in Sources */ = {isa = PBXBuildFile; fileRef = D83E87A31B555F3000580978 /* Networking.swift */; };
		D83E87AB1B5562E300580978 /* Person.swift in Sources */ = {isa = PBXBuildFile; fileRef = D83E87A71B5562E300580978 /* Person.swift */; };
		D83E87AC1B5562E300580978 /* Location.swift in Sources */ = {isa = PBXBuildFile; fileRef = D83E87A81B5562E300580978 /* Location.swift */; };
		D83E87AD1B5562E300580978 /* Tag.swift in Sources */ = {isa = PBXBuildFile; fileRef = D83E87A91B5562E300580978 /* Tag.swift */; };
		D83E87AE1B5562E300580978 /* Program.swift in Sources */ = {isa = PBXBuildFile; fileRef = D83E87AA1B5562E300580978 /* Program.swift */; };
		D83E87B01B556DD700580978 /* DataManager.swift in Sources */ = {isa = PBXBuildFile; fileRef = D83E87AF1B556DD700580978 /* DataManager.swift */; };
		D8B46B2D1B585F8F006E8E45 /* HTMLNode.swift in Sources */ = {isa = PBXBuildFile; fileRef = D8B46B2C1B585F8F006E8E45 /* HTMLNode.swift */; };
		D8B46B2F1B585FB2006E8E45 /* HTMLParser.swift in Sources */ = {isa = PBXBuildFile; fileRef = D8B46B2E1B585FB2006E8E45 /* HTMLParser.swift */; };
		D8B46B321B586037006E8E45 /* libxml2.dylib in Frameworks */ = {isa = PBXBuildFile; fileRef = D8B46B311B586037006E8E45 /* libxml2.dylib */; };
		D8B46B351B5967DE006E8E45 /* ProgramCell.swift in Sources */ = {isa = PBXBuildFile; fileRef = D8B46B341B5967DE006E8E45 /* ProgramCell.swift */; };
		D8B46B371B5DD451006E8E45 /* FilterController.swift in Sources */ = {isa = PBXBuildFile; fileRef = D8B46B361B5DD451006E8E45 /* FilterController.swift */; };
		D8B46B3C1B5F1216006E8E45 /* Colors.swift in Sources */ = {isa = PBXBuildFile; fileRef = D8B46B3B1B5F1216006E8E45 /* Colors.swift */; };
		D8B5C4501B627BCB00AA641E /* DashboardController.swift in Sources */ = {isa = PBXBuildFile; fileRef = D8B5C44F1B627BCB00AA641E /* DashboardController.swift */; };
/* End PBXBuildFile section */

/* Begin PBXContainerItemProxy section */
		D83E87911B555C9B00580978 /* PBXContainerItemProxy */ = {
			isa = PBXContainerItemProxy;
			containerPortal = D83E876E1B555C9B00580978 /* Project object */;
			proxyType = 1;
			remoteGlobalIDString = D83E87751B555C9B00580978;
			remoteInfo = "Nine Worlds";
		};
/* End PBXContainerItemProxy section */

/* Begin PBXFileReference section */
		16447B5788BDE68E53B232A6 /* Pods.framework */ = {isa = PBXFileReference; explicitFileType = wrapper.framework; includeInIndex = 0; path = Pods.framework; sourceTree = BUILT_PRODUCTS_DIR; };
		7E34C9DFB88B608862C036AC /* Pods.release.xcconfig */ = {isa = PBXFileReference; includeInIndex = 1; lastKnownFileType = text.xcconfig; name = Pods.release.xcconfig; path = "Pods/Target Support Files/Pods/Pods.release.xcconfig"; sourceTree = "<group>"; };
		C975E107168147A680E81EDB /* Pods.debug.xcconfig */ = {isa = PBXFileReference; includeInIndex = 1; lastKnownFileType = text.xcconfig; name = Pods.debug.xcconfig; path = "Pods/Target Support Files/Pods/Pods.debug.xcconfig"; sourceTree = "<group>"; };
		D806B2EB1B6FE30A000529AA /* ProgramDetailsCell.swift */ = {isa = PBXFileReference; fileEncoding = 4; lastKnownFileType = sourcecode.swift; path = ProgramDetailsCell.swift; sourceTree = "<group>"; };
		D806B2ED1B6FEAF3000529AA /* ProgramHeader.swift */ = {isa = PBXFileReference; fileEncoding = 4; lastKnownFileType = sourcecode.swift; path = ProgramHeader.swift; sourceTree = "<group>"; };
		D83E87761B555C9B00580978 /* Nine Worlds.app */ = {isa = PBXFileReference; explicitFileType = wrapper.application; includeInIndex = 0; path = "Nine Worlds.app"; sourceTree = BUILT_PRODUCTS_DIR; };
		D83E877A1B555C9B00580978 /* Info.plist */ = {isa = PBXFileReference; lastKnownFileType = text.plist.xml; path = Info.plist; sourceTree = "<group>"; };
		D83E877B1B555C9B00580978 /* AppDelegate.swift */ = {isa = PBXFileReference; lastKnownFileType = sourcecode.swift; path = AppDelegate.swift; sourceTree = "<group>"; };
		D83E877E1B555C9B00580978 /* Nine_Worlds.xcdatamodel */ = {isa = PBXFileReference; lastKnownFileType = wrapper.xcdatamodel; path = Nine_Worlds.xcdatamodel; sourceTree = "<group>"; };
		D83E87801B555C9B00580978 /* MasterViewController.swift */ = {isa = PBXFileReference; lastKnownFileType = sourcecode.swift; path = MasterViewController.swift; sourceTree = "<group>"; };
		D83E87821B555C9B00580978 /* DetailViewController.swift */ = {isa = PBXFileReference; lastKnownFileType = sourcecode.swift; path = DetailViewController.swift; sourceTree = "<group>"; };
		D83E87851B555C9B00580978 /* Base */ = {isa = PBXFileReference; lastKnownFileType = file.storyboard; name = Base; path = Base.lproj/Main.storyboard; sourceTree = "<group>"; };
		D83E87871B555C9B00580978 /* Images.xcassets */ = {isa = PBXFileReference; lastKnownFileType = folder.assetcatalog; path = Images.xcassets; sourceTree = "<group>"; };
		D83E878A1B555C9B00580978 /* Base */ = {isa = PBXFileReference; lastKnownFileType = file.xib; name = Base; path = Base.lproj/LaunchScreen.xib; sourceTree = "<group>"; };
		D83E87901B555C9B00580978 /* Nine WorldsTests.xctest */ = {isa = PBXFileReference; explicitFileType = wrapper.cfbundle; includeInIndex = 0; path = "Nine WorldsTests.xctest"; sourceTree = BUILT_PRODUCTS_DIR; };
		D83E87951B555C9B00580978 /* Info.plist */ = {isa = PBXFileReference; lastKnownFileType = text.plist.xml; path = Info.plist; sourceTree = "<group>"; };
		D83E87961B555C9B00580978 /* Nine_WorldsTests.swift */ = {isa = PBXFileReference; lastKnownFileType = sourcecode.swift; path = Nine_WorldsTests.swift; sourceTree = "<group>"; };
		D83E87A31B555F3000580978 /* Networking.swift */ = {isa = PBXFileReference; fileEncoding = 4; lastKnownFileType = sourcecode.swift; path = Networking.swift; sourceTree = "<group>"; };
		D83E87A71B5562E300580978 /* Person.swift */ = {isa = PBXFileReference; fileEncoding = 4; lastKnownFileType = sourcecode.swift; path = Person.swift; sourceTree = "<group>"; };
		D83E87A81B5562E300580978 /* Location.swift */ = {isa = PBXFileReference; fileEncoding = 4; lastKnownFileType = sourcecode.swift; path = Location.swift; sourceTree = "<group>"; };
		D83E87A91B5562E300580978 /* Tag.swift */ = {isa = PBXFileReference; fileEncoding = 4; lastKnownFileType = sourcecode.swift; path = Tag.swift; sourceTree = "<group>"; };
		D83E87AA1B5562E300580978 /* Program.swift */ = {isa = PBXFileReference; fileEncoding = 4; lastKnownFileType = sourcecode.swift; path = Program.swift; sourceTree = "<group>"; };
		D83E87AF1B556DD700580978 /* DataManager.swift */ = {isa = PBXFileReference; fileEncoding = 4; lastKnownFileType = sourcecode.swift; path = DataManager.swift; sourceTree = "<group>"; };
		D8B46B2C1B585F8F006E8E45 /* HTMLNode.swift */ = {isa = PBXFileReference; fileEncoding = 4; lastKnownFileType = sourcecode.swift; path = HTMLNode.swift; sourceTree = "<group>"; };
		D8B46B2E1B585FB2006E8E45 /* HTMLParser.swift */ = {isa = PBXFileReference; fileEncoding = 4; lastKnownFileType = sourcecode.swift; path = HTMLParser.swift; sourceTree = "<group>"; };
		D8B46B301B585FD3006E8E45 /* Swift-HTML-Parser-Bridging-File.h */ = {isa = PBXFileReference; lastKnownFileType = sourcecode.c.h; path = "Swift-HTML-Parser-Bridging-File.h"; sourceTree = "<group>"; };
		D8B46B311B586037006E8E45 /* libxml2.dylib */ = {isa = PBXFileReference; lastKnownFileType = "compiled.mach-o.dylib"; name = libxml2.dylib; path = usr/lib/libxml2.dylib; sourceTree = SDKROOT; };
		D8B46B341B5967DE006E8E45 /* ProgramCell.swift */ = {isa = PBXFileReference; fileEncoding = 4; lastKnownFileType = sourcecode.swift; path = ProgramCell.swift; sourceTree = "<group>"; };
		D8B46B361B5DD451006E8E45 /* FilterController.swift */ = {isa = PBXFileReference; fileEncoding = 4; lastKnownFileType = sourcecode.swift; path = FilterController.swift; sourceTree = "<group>"; };
		D8B46B3B1B5F1216006E8E45 /* Colors.swift */ = {isa = PBXFileReference; fileEncoding = 4; lastKnownFileType = sourcecode.swift; path = Colors.swift; sourceTree = "<group>"; };
		D8B5C44F1B627BCB00AA641E /* DashboardController.swift */ = {isa = PBXFileReference; fileEncoding = 4; lastKnownFileType = sourcecode.swift; path = DashboardController.swift; sourceTree = "<group>"; };
/* End PBXFileReference section */

/* Begin PBXFrameworksBuildPhase section */
		D83E87731B555C9B00580978 /* Frameworks */ = {
			isa = PBXFrameworksBuildPhase;
			buildActionMask = 2147483647;
			files = (
				D8B46B321B586037006E8E45 /* libxml2.dylib in Frameworks */,
				78094430249113FA9C7268CB /* Pods.framework in Frameworks */,
			);
			runOnlyForDeploymentPostprocessing = 0;
		};
		D83E878D1B555C9B00580978 /* Frameworks */ = {
			isa = PBXFrameworksBuildPhase;
			buildActionMask = 2147483647;
			files = (
			);
			runOnlyForDeploymentPostprocessing = 0;
		};
/* End PBXFrameworksBuildPhase section */

/* Begin PBXGroup section */
		21819F3C682B2466EE2107F8 /* Frameworks */ = {
			isa = PBXGroup;
			children = (
				D8B46B311B586037006E8E45 /* libxml2.dylib */,
				16447B5788BDE68E53B232A6 /* Pods.framework */,
			);
			name = Frameworks;
			sourceTree = "<group>";
		};
		B863F67BE98DACCCDD7060DB /* Pods */ = {
			isa = PBXGroup;
			children = (
				C975E107168147A680E81EDB /* Pods.debug.xcconfig */,
				7E34C9DFB88B608862C036AC /* Pods.release.xcconfig */,
			);
			name = Pods;
			sourceTree = "<group>";
		};
		D83E876D1B555C9B00580978 = {
			isa = PBXGroup;
			children = (
				D83E87781B555C9B00580978 /* Nine Worlds */,
				D83E87931B555C9B00580978 /* Nine WorldsTests */,
				D83E87771B555C9B00580978 /* Products */,
				B863F67BE98DACCCDD7060DB /* Pods */,
				21819F3C682B2466EE2107F8 /* Frameworks */,
			);
			sourceTree = "<group>";
		};
		D83E87771B555C9B00580978 /* Products */ = {
			isa = PBXGroup;
			children = (
				D83E87761B555C9B00580978 /* Nine Worlds.app */,
				D83E87901B555C9B00580978 /* Nine WorldsTests.xctest */,
			);
			name = Products;
			sourceTree = "<group>";
		};
		D83E87781B555C9B00580978 /* Nine Worlds */ = {
			isa = PBXGroup;
			children = (
				D83E87A51B55609500580978 /* Controllers */,
				D83E87A61B5562D600580978 /* Models */,
				D83E87A21B555E1700580978 /* Networking */,
				D83E87A11B555DE200580978 /* Resources */,
				D83E87A01B555DD900580978 /* User Interface */,
				D8B46B2A1B585F77006E8E45 /* Utils */,
				D8B46B331B596791006E8E45 /* Views */,
				D83E877B1B555C9B00580978 /* AppDelegate.swift */,
				D83E877D1B555C9B00580978 /* Nine_Worlds.xcdatamodeld */,
				D83E87791B555C9B00580978 /* Supporting Files */,
			);
			path = "Nine Worlds";
			sourceTree = "<group>";
		};
		D83E87791B555C9B00580978 /* Supporting Files */ = {
			isa = PBXGroup;
			children = (
				D83E877A1B555C9B00580978 /* Info.plist */,
			);
			name = "Supporting Files";
			sourceTree = "<group>";
		};
		D83E87931B555C9B00580978 /* Nine WorldsTests */ = {
			isa = PBXGroup;
			children = (
				D83E87961B555C9B00580978 /* Nine_WorldsTests.swift */,
				D83E87941B555C9B00580978 /* Supporting Files */,
			);
			path = "Nine WorldsTests";
			sourceTree = "<group>";
		};
		D83E87941B555C9B00580978 /* Supporting Files */ = {
			isa = PBXGroup;
			children = (
				D83E87951B555C9B00580978 /* Info.plist */,
			);
			name = "Supporting Files";
			sourceTree = "<group>";
		};
		D83E87A01B555DD900580978 /* User Interface */ = {
			isa = PBXGroup;
			children = (
				D83E87841B555C9B00580978 /* Main.storyboard */,
				D83E87891B555C9B00580978 /* LaunchScreen.xib */,
			);
			name = "User Interface";
			sourceTree = "<group>";
		};
		D83E87A11B555DE200580978 /* Resources */ = {
			isa = PBXGroup;
			children = (
				D83E87871B555C9B00580978 /* Images.xcassets */,
				D8B46B3B1B5F1216006E8E45 /* Colors.swift */,
			);
			name = Resources;
			sourceTree = "<group>";
		};
		D83E87A21B555E1700580978 /* Networking */ = {
			isa = PBXGroup;
			children = (
				D83E87AF1B556DD700580978 /* DataManager.swift */,
				D83E87A31B555F3000580978 /* Networking.swift */,
			);
			name = Networking;
			sourceTree = "<group>";
		};
		D83E87A51B55609500580978 /* Controllers */ = {
			isa = PBXGroup;
			children = (
				D8B5C44F1B627BCB00AA641E /* DashboardController.swift */,
				D83E87821B555C9B00580978 /* DetailViewController.swift */,
				D8B46B361B5DD451006E8E45 /* FilterController.swift */,
				D83E87801B555C9B00580978 /* MasterViewController.swift */,
			);
			name = Controllers;
			sourceTree = "<group>";
		};
		D83E87A61B5562D600580978 /* Models */ = {
			isa = PBXGroup;
			children = (
				D83E87A81B5562E300580978 /* Location.swift */,
				D83E87A71B5562E300580978 /* Person.swift */,
				D83E87AA1B5562E300580978 /* Program.swift */,
				D83E87A91B5562E300580978 /* Tag.swift */,
			);
			name = Models;
			sourceTree = "<group>";
		};
		D8B46B2A1B585F77006E8E45 /* Utils */ = {
			isa = PBXGroup;
			children = (
				D8B46B2B1B585F7D006E8E45 /* HTML */,
			);
			name = Utils;
			sourceTree = "<group>";
		};
		D8B46B2B1B585F7D006E8E45 /* HTML */ = {
			isa = PBXGroup;
			children = (
				D8B46B2C1B585F8F006E8E45 /* HTMLNode.swift */,
				D8B46B2E1B585FB2006E8E45 /* HTMLParser.swift */,
				D8B46B301B585FD3006E8E45 /* Swift-HTML-Parser-Bridging-File.h */,
			);
			name = HTML;
			sourceTree = "<group>";
		};
		D8B46B331B596791006E8E45 /* Views */ = {
			isa = PBXGroup;
			children = (
				D8B46B341B5967DE006E8E45 /* ProgramCell.swift */,
				D806B2EB1B6FE30A000529AA /* ProgramDetailsCell.swift */,
				D806B2ED1B6FEAF3000529AA /* ProgramHeader.swift */,
			);
			name = Views;
			sourceTree = "<group>";
		};
/* End PBXGroup section */

/* Begin PBXNativeTarget section */
		D83E87751B555C9B00580978 /* Nine Worlds */ = {
			isa = PBXNativeTarget;
			buildConfigurationList = D83E879A1B555C9B00580978 /* Build configuration list for PBXNativeTarget "Nine Worlds" */;
			buildPhases = (
				E0F011B4AF8361B788C42006 /* Check Pods Manifest.lock */,
				D83E87721B555C9B00580978 /* Sources */,
				D83E87731B555C9B00580978 /* Frameworks */,
				D83E87741B555C9B00580978 /* Resources */,
				9A2BF4EC4EF9FAA673660AC0 /* Embed Pods Frameworks */,
				63F132D09CD0CD05AB3AE1DB /* Copy Pods Resources */,
				D806B2EF1B705CEB000529AA /* ShellScript */,
			);
			buildRules = (
			);
			dependencies = (
			);
			name = "Nine Worlds";
			productName = "Nine Worlds";
			productReference = D83E87761B555C9B00580978 /* Nine Worlds.app */;
			productType = "com.apple.product-type.application";
		};
		D83E878F1B555C9B00580978 /* Nine WorldsTests */ = {
			isa = PBXNativeTarget;
			buildConfigurationList = D83E879D1B555C9B00580978 /* Build configuration list for PBXNativeTarget "Nine WorldsTests" */;
			buildPhases = (
				D83E878C1B555C9B00580978 /* Sources */,
				D83E878D1B555C9B00580978 /* Frameworks */,
				D83E878E1B555C9B00580978 /* Resources */,
			);
			buildRules = (
			);
			dependencies = (
				D83E87921B555C9B00580978 /* PBXTargetDependency */,
			);
			name = "Nine WorldsTests";
			productName = "Nine WorldsTests";
			productReference = D83E87901B555C9B00580978 /* Nine WorldsTests.xctest */;
			productType = "com.apple.product-type.bundle.unit-test";
		};
/* End PBXNativeTarget section */

/* Begin PBXProject section */
		D83E876E1B555C9B00580978 /* Project object */ = {
			isa = PBXProject;
			attributes = {
				LastUpgradeCheck = 0640;
				ORGANIZATIONNAME = "Nathan Wong";
				TargetAttributes = {
					D83E87751B555C9B00580978 = {
						CreatedOnToolsVersion = 6.4;
						DevelopmentTeam = 95X8VY6TB2;
					};
					D83E878F1B555C9B00580978 = {
						CreatedOnToolsVersion = 6.4;
						TestTargetID = D83E87751B555C9B00580978;
					};
				};
			};
			buildConfigurationList = D83E87711B555C9B00580978 /* Build configuration list for PBXProject "Nine Worlds" */;
			compatibilityVersion = "Xcode 3.2";
			developmentRegion = English;
			hasScannedForEncodings = 0;
			knownRegions = (
				en,
				Base,
			);
			mainGroup = D83E876D1B555C9B00580978;
			productRefGroup = D83E87771B555C9B00580978 /* Products */;
			projectDirPath = "";
			projectRoot = "";
			targets = (
				D83E87751B555C9B00580978 /* Nine Worlds */,
				D83E878F1B555C9B00580978 /* Nine WorldsTests */,
			);
		};
/* End PBXProject section */

/* Begin PBXResourcesBuildPhase section */
		D83E87741B555C9B00580978 /* Resources */ = {
			isa = PBXResourcesBuildPhase;
			buildActionMask = 2147483647;
			files = (
				D83E87861B555C9B00580978 /* Main.storyboard in Resources */,
				D83E878B1B555C9B00580978 /* LaunchScreen.xib in Resources */,
				D83E87881B555C9B00580978 /* Images.xcassets in Resources */,
			);
			runOnlyForDeploymentPostprocessing = 0;
		};
		D83E878E1B555C9B00580978 /* Resources */ = {
			isa = PBXResourcesBuildPhase;
			buildActionMask = 2147483647;
			files = (
			);
			runOnlyForDeploymentPostprocessing = 0;
		};
/* End PBXResourcesBuildPhase section */

/* Begin PBXShellScriptBuildPhase section */
		63F132D09CD0CD05AB3AE1DB /* Copy Pods Resources */ = {
			isa = PBXShellScriptBuildPhase;
			buildActionMask = 2147483647;
			files = (
			);
			inputPaths = (
			);
			name = "Copy Pods Resources";
			outputPaths = (
			);
			runOnlyForDeploymentPostprocessing = 0;
			shellPath = /bin/sh;
			shellScript = "\"${SRCROOT}/Pods/Target Support Files/Pods/Pods-resources.sh\"\n";
			showEnvVarsInLog = 0;
		};
		9A2BF4EC4EF9FAA673660AC0 /* Embed Pods Frameworks */ = {
			isa = PBXShellScriptBuildPhase;
			buildActionMask = 2147483647;
			files = (
			);
			inputPaths = (
			);
			name = "Embed Pods Frameworks";
			outputPaths = (
			);
			runOnlyForDeploymentPostprocessing = 0;
			shellPath = /bin/sh;
			shellScript = "\"${SRCROOT}/Pods/Target Support Files/Pods/Pods-frameworks.sh\"\n";
			showEnvVarsInLog = 0;
		};
		D806B2EF1B705CEB000529AA /* ShellScript */ = {
			isa = PBXShellScriptBuildPhase;
			buildActionMask = 2147483647;
			files = (
			);
			inputPaths = (
			);
			outputPaths = (
			);
			runOnlyForDeploymentPostprocessing = 0;
			shellPath = /bin/sh;
			shellScript = "\"${PODS_ROOT}/Fabric/Fabric.framework/run\" c0735bfe4c3be03e7d1b84ba9c55fb9f56691f76 4306fc5675d04396b50c1c71abc57928885c77fa9b63cc6c6621e939350f422d";
		};
		E0F011B4AF8361B788C42006 /* Check Pods Manifest.lock */ = {
			isa = PBXShellScriptBuildPhase;
			buildActionMask = 2147483647;
			files = (
			);
			inputPaths = (
			);
			name = "Check Pods Manifest.lock";
			outputPaths = (
			);
			runOnlyForDeploymentPostprocessing = 0;
			shellPath = /bin/sh;
			shellScript = "diff \"${PODS_ROOT}/../Podfile.lock\" \"${PODS_ROOT}/Manifest.lock\" > /dev/null\nif [[ $? != 0 ]] ; then\n    cat << EOM\nerror: The sandbox is not in sync with the Podfile.lock. Run 'pod install' or update your CocoaPods installation.\nEOM\n    exit 1\nfi\n";
			showEnvVarsInLog = 0;
		};
/* End PBXShellScriptBuildPhase section */

/* Begin PBXSourcesBuildPhase section */
		D83E87721B555C9B00580978 /* Sources */ = {
			isa = PBXSourcesBuildPhase;
			buildActionMask = 2147483647;
			files = (
				D8B5C4501B627BCB00AA641E /* DashboardController.swift in Sources */,
				D83E87AD1B5562E300580978 /* Tag.swift in Sources */,
				D8B46B3C1B5F1216006E8E45 /* Colors.swift in Sources */,
				D83E87B01B556DD700580978 /* DataManager.swift in Sources */,
				D83E87AB1B5562E300580978 /* Person.swift in Sources */,
				D806B2EE1B6FEAF3000529AA /* ProgramHeader.swift in Sources */,
				D83E877F1B555C9B00580978 /* Nine_Worlds.xcdatamodeld in Sources */,
				D8B46B351B5967DE006E8E45 /* ProgramCell.swift in Sources */,
				D83E87A41B555F3000580978 /* Networking.swift in Sources */,
				D83E877C1B555C9B00580978 /* AppDelegate.swift in Sources */,
				D8B46B2D1B585F8F006E8E45 /* HTMLNode.swift in Sources */,
				D83E87AE1B5562E300580978 /* Program.swift in Sources */,
				D83E87811B555C9B00580978 /* MasterViewController.swift in Sources */,
				D806B2EC1B6FE30A000529AA /* ProgramDetailsCell.swift in Sources */,
				D8B46B2F1B585FB2006E8E45 /* HTMLParser.swift in Sources */,
				D83E87831B555C9B00580978 /* DetailViewController.swift in Sources */,
				D83E87AC1B5562E300580978 /* Location.swift in Sources */,
				D8B46B371B5DD451006E8E45 /* FilterController.swift in Sources */,
			);
			runOnlyForDeploymentPostprocessing = 0;
		};
		D83E878C1B555C9B00580978 /* Sources */ = {
			isa = PBXSourcesBuildPhase;
			buildActionMask = 2147483647;
			files = (
				D83E87971B555C9B00580978 /* Nine_WorldsTests.swift in Sources */,
			);
			runOnlyForDeploymentPostprocessing = 0;
		};
/* End PBXSourcesBuildPhase section */

/* Begin PBXTargetDependency section */
		D83E87921B555C9B00580978 /* PBXTargetDependency */ = {
			isa = PBXTargetDependency;
			target = D83E87751B555C9B00580978 /* Nine Worlds */;
			targetProxy = D83E87911B555C9B00580978 /* PBXContainerItemProxy */;
		};
/* End PBXTargetDependency section */

/* Begin PBXVariantGroup section */
		D83E87841B555C9B00580978 /* Main.storyboard */ = {
			isa = PBXVariantGroup;
			children = (
				D83E87851B555C9B00580978 /* Base */,
			);
			name = Main.storyboard;
			sourceTree = "<group>";
		};
		D83E87891B555C9B00580978 /* LaunchScreen.xib */ = {
			isa = PBXVariantGroup;
			children = (
				D83E878A1B555C9B00580978 /* Base */,
			);
			name = LaunchScreen.xib;
			sourceTree = "<group>";
		};
/* End PBXVariantGroup section */

/* Begin XCBuildConfiguration section */
		D83E87981B555C9B00580978 /* Debug */ = {
			isa = XCBuildConfiguration;
			buildSettings = {
				ALWAYS_SEARCH_USER_PATHS = NO;
				CLANG_CXX_LANGUAGE_STANDARD = "gnu++0x";
				CLANG_CXX_LIBRARY = "libc++";
				CLANG_ENABLE_MODULES = YES;
				CLANG_ENABLE_OBJC_ARC = YES;
				CLANG_WARN_BOOL_CONVERSION = YES;
				CLANG_WARN_CONSTANT_CONVERSION = YES;
				CLANG_WARN_DIRECT_OBJC_ISA_USAGE = YES_ERROR;
				CLANG_WARN_EMPTY_BODY = YES;
				CLANG_WARN_ENUM_CONVERSION = YES;
				CLANG_WARN_INT_CONVERSION = YES;
				CLANG_WARN_OBJC_ROOT_CLASS = YES_ERROR;
				CLANG_WARN_UNREACHABLE_CODE = YES;
				CLANG_WARN__DUPLICATE_METHOD_MATCH = YES;
				"CODE_SIGN_IDENTITY[sdk=iphoneos*]" = "iPhone Developer";
				COPY_PHASE_STRIP = NO;
				DEBUG_INFORMATION_FORMAT = "dwarf-with-dsym";
				ENABLE_STRICT_OBJC_MSGSEND = YES;
				GCC_C_LANGUAGE_STANDARD = gnu99;
				GCC_DYNAMIC_NO_PIC = NO;
				GCC_NO_COMMON_BLOCKS = YES;
				GCC_OPTIMIZATION_LEVEL = 0;
				GCC_PREPROCESSOR_DEFINITIONS = (
					"DEBUG=1",
					"$(inherited)",
				);
				GCC_SYMBOLS_PRIVATE_EXTERN = NO;
				GCC_WARN_64_TO_32_BIT_CONVERSION = YES;
				GCC_WARN_ABOUT_RETURN_TYPE = YES_ERROR;
				GCC_WARN_UNDECLARED_SELECTOR = YES;
				GCC_WARN_UNINITIALIZED_AUTOS = YES_AGGRESSIVE;
				GCC_WARN_UNUSED_FUNCTION = YES;
				GCC_WARN_UNUSED_VARIABLE = YES;
				IPHONEOS_DEPLOYMENT_TARGET = 8.4;
				MTL_ENABLE_DEBUG_INFO = YES;
				ONLY_ACTIVE_ARCH = YES;
				SDKROOT = iphoneos;
				SWIFT_OPTIMIZATION_LEVEL = "-Onone";
				TARGETED_DEVICE_FAMILY = "1,2";
			};
			name = Debug;
		};
		D83E87991B555C9B00580978 /* Release */ = {
			isa = XCBuildConfiguration;
			buildSettings = {
				ALWAYS_SEARCH_USER_PATHS = NO;
				CLANG_CXX_LANGUAGE_STANDARD = "gnu++0x";
				CLANG_CXX_LIBRARY = "libc++";
				CLANG_ENABLE_MODULES = YES;
				CLANG_ENABLE_OBJC_ARC = YES;
				CLANG_WARN_BOOL_CONVERSION = YES;
				CLANG_WARN_CONSTANT_CONVERSION = YES;
				CLANG_WARN_DIRECT_OBJC_ISA_USAGE = YES_ERROR;
				CLANG_WARN_EMPTY_BODY = YES;
				CLANG_WARN_ENUM_CONVERSION = YES;
				CLANG_WARN_INT_CONVERSION = YES;
				CLANG_WARN_OBJC_ROOT_CLASS = YES_ERROR;
				CLANG_WARN_UNREACHABLE_CODE = YES;
				CLANG_WARN__DUPLICATE_METHOD_MATCH = YES;
				"CODE_SIGN_IDENTITY[sdk=iphoneos*]" = "iPhone Developer";
				COPY_PHASE_STRIP = NO;
				DEBUG_INFORMATION_FORMAT = "dwarf-with-dsym";
				ENABLE_NS_ASSERTIONS = NO;
				ENABLE_STRICT_OBJC_MSGSEND = YES;
				GCC_C_LANGUAGE_STANDARD = gnu99;
				GCC_NO_COMMON_BLOCKS = YES;
				GCC_WARN_64_TO_32_BIT_CONVERSION = YES;
				GCC_WARN_ABOUT_RETURN_TYPE = YES_ERROR;
				GCC_WARN_UNDECLARED_SELECTOR = YES;
				GCC_WARN_UNINITIALIZED_AUTOS = YES_AGGRESSIVE;
				GCC_WARN_UNUSED_FUNCTION = YES;
				GCC_WARN_UNUSED_VARIABLE = YES;
				IPHONEOS_DEPLOYMENT_TARGET = 8.4;
				MTL_ENABLE_DEBUG_INFO = NO;
				SDKROOT = iphoneos;
				TARGETED_DEVICE_FAMILY = "1,2";
				VALIDATE_PRODUCT = YES;
			};
			name = Release;
		};
		D83E879B1B555C9B00580978 /* Debug */ = {
			isa = XCBuildConfiguration;
			baseConfigurationReference = C975E107168147A680E81EDB /* Pods.debug.xcconfig */;
			buildSettings = {
				ASSETCATALOG_COMPILER_APPICON_NAME = AppIcon;
				CODE_SIGN_IDENTITY = "iPhone Developer";
				HEADER_SEARCH_PATHS = (
					"$(inherited)",
					/Applications/Xcode.app/Contents/Developer/Toolchains/XcodeDefault.xctoolchain/usr/include,
					/usr/include/libxml2,
				);
				INFOPLIST_FILE = "Nine Worlds/Info.plist";
				IPHONEOS_DEPLOYMENT_TARGET = 8.0;
				LD_RUNPATH_SEARCH_PATHS = "$(inherited) @executable_path/Frameworks";
				PRODUCT_NAME = "$(TARGET_NAME)";
				SWIFT_OBJC_BRIDGING_HEADER = "Nine Worlds/Swift-HTML-Parser-Bridging-File.h";
			};
			name = Debug;
		};
		D83E879C1B555C9B00580978 /* Release */ = {
			isa = XCBuildConfiguration;
			baseConfigurationReference = 7E34C9DFB88B608862C036AC /* Pods.release.xcconfig */;
			buildSettings = {
				ASSETCATALOG_COMPILER_APPICON_NAME = AppIcon;
				CODE_SIGN_IDENTITY = "iPhone Developer";
				HEADER_SEARCH_PATHS = (
					"$(inherited)",
					/Applications/Xcode.app/Contents/Developer/Toolchains/XcodeDefault.xctoolchain/usr/include,
					/usr/include/libxml2,
				);
				INFOPLIST_FILE = "Nine Worlds/Info.plist";
				IPHONEOS_DEPLOYMENT_TARGET = 8.0;
				LD_RUNPATH_SEARCH_PATHS = "$(inherited) @executable_path/Frameworks";
				PRODUCT_NAME = "$(TARGET_NAME)";
				SWIFT_OBJC_BRIDGING_HEADER = "Nine Worlds/Swift-HTML-Parser-Bridging-File.h";
			};
			name = Release;
		};
		D83E879E1B555C9B00580978 /* Debug */ = {
			isa = XCBuildConfiguration;
			buildSettings = {
				BUNDLE_LOADER = "$(TEST_HOST)";
				FRAMEWORK_SEARCH_PATHS = (
					"$(SDKROOT)/Developer/Library/Frameworks",
					"$(inherited)",
				);
				GCC_PREPROCESSOR_DEFINITIONS = (
					"DEBUG=1",
					"$(inherited)",
				);
				INFOPLIST_FILE = "Nine WorldsTests/Info.plist";
				LD_RUNPATH_SEARCH_PATHS = "$(inherited) @executable_path/Frameworks @loader_path/Frameworks";
				PRODUCT_NAME = "$(TARGET_NAME)";
				TEST_HOST = "$(BUILT_PRODUCTS_DIR)/Nine Worlds.app/Nine Worlds";
			};
			name = Debug;
		};
		D83E879F1B555C9B00580978 /* Release */ = {
			isa = XCBuildConfiguration;
			buildSettings = {
				BUNDLE_LOADER = "$(TEST_HOST)";
				FRAMEWORK_SEARCH_PATHS = (
					"$(SDKROOT)/Developer/Library/Frameworks",
					"$(inherited)",
				);
				INFOPLIST_FILE = "Nine WorldsTests/Info.plist";
				LD_RUNPATH_SEARCH_PATHS = "$(inherited) @executable_path/Frameworks @loader_path/Frameworks";
				PRODUCT_NAME = "$(TARGET_NAME)";
				TEST_HOST = "$(BUILT_PRODUCTS_DIR)/Nine Worlds.app/Nine Worlds";
			};
			name = Release;
		};
/* End XCBuildConfiguration section */

/* Begin XCConfigurationList section */
		D83E87711B555C9B00580978 /* Build configuration list for PBXProject "Nine Worlds" */ = {
			isa = XCConfigurationList;
			buildConfigurations = (
				D83E87981B555C9B00580978 /* Debug */,
				D83E87991B555C9B00580978 /* Release */,
			);
			defaultConfigurationIsVisible = 0;
			defaultConfigurationName = Release;
		};
		D83E879A1B555C9B00580978 /* Build configuration list for PBXNativeTarget "Nine Worlds" */ = {
			isa = XCConfigurationList;
			buildConfigurations = (
				D83E879B1B555C9B00580978 /* Debug */,
				D83E879C1B555C9B00580978 /* Release */,
			);
			defaultConfigurationIsVisible = 0;
			defaultConfigurationName = Release;
		};
		D83E879D1B555C9B00580978 /* Build configuration list for PBXNativeTarget "Nine WorldsTests" */ = {
			isa = XCConfigurationList;
			buildConfigurations = (
				D83E879E1B555C9B00580978 /* Debug */,
				D83E879F1B555C9B00580978 /* Release */,
			);
			defaultConfigurationIsVisible = 0;
			defaultConfigurationName = Release;
		};
/* End XCConfigurationList section */

/* Begin XCVersionGroup section */
		D83E877D1B555C9B00580978 /* Nine_Worlds.xcdatamodeld */ = {
			isa = XCVersionGroup;
			children = (
				D83E877E1B555C9B00580978 /* Nine_Worlds.xcdatamodel */,
			);
			currentVersion = D83E877E1B555C9B00580978 /* Nine_Worlds.xcdatamodel */;
			path = Nine_Worlds.xcdatamodeld;
			sourceTree = "<group>";
			versionGroupType = wrapper.xcdatamodel;
		};
/* End XCVersionGroup section */
	};
	rootObject = D83E876E1B555C9B00580978 /* Project object */;
}
